
Microsoft Visual Studio Solution File, Format Version 12.00
Project("{2150E333-8FDC-42A3-9474-1A3956D46DE8}") = "src", "src", "{46834DC6-9D1D-4393-A7DA-ECCA14C2D140}"
EndProject
Project("{FAE04EC0-301F-11D3-BF4B-00C04F79EFBC}") = "tests", "src\tests\tests.csproj", "{307AB522-EEBF-47D8-8219-DF585FC52A0F}"
EndProject
Project("{FAE04EC0-301F-11D3-BF4B-00C04F79EFBC}") = "HybridCryptoLib", "src\HybridCryptoLib\HybridCryptoLib.csproj", "{D0C4B721-1512-4393-9F8F-178510034B13}"
EndProject
Global
	GlobalSection(SolutionConfigurationPlatforms) = preSolution
		Debug|Any CPU = Debug|Any CPU
		Release|Any CPU = Release|Any CPU
	EndGlobalSection
	GlobalSection(ProjectConfigurationPlatforms) = postSolution
		{307AB522-EEBF-47D8-8219-DF585FC52A0F}.Debug|Any CPU.ActiveCfg = Debug|Any CPU
		{307AB522-EEBF-47D8-8219-DF585FC52A0F}.Debug|Any CPU.Build.0 = Debug|Any CPU
		{307AB522-EEBF-47D8-8219-DF585FC52A0F}.Release|Any CPU.ActiveCfg = Release|Any CPU
		{307AB522-EEBF-47D8-8219-DF585FC52A0F}.Release|Any CPU.Build.0 = Release|Any CPU
		{D0C4B721-1512-4393-9F8F-178510034B13}.Debug|Any CPU.ActiveCfg = Debug|Any CPU
		{D0C4B721-1512-4393-9F8F-178510034B13}.Debug|Any CPU.Build.0 = Debug|Any CPU
		{D0C4B721-1512-4393-9F8F-178510034B13}.Release|Any CPU.ActiveCfg = Release|Any CPU
		{D0C4B721-1512-4393-9F8F-178510034B13}.Release|Any CPU.Build.0 = Release|Any CPU
	EndGlobalSection
	GlobalSection(NestedProjects) = preSolution
		{307AB522-EEBF-47D8-8219-DF585FC52A0F} = {46834DC6-9D1D-4393-A7DA-ECCA14C2D140}
		{D0C4B721-1512-4393-9F8F-178510034B13} = {46834DC6-9D1D-4393-A7DA-ECCA14C2D140}
	EndGlobalSection
EndGlobal
