
Microsoft Visual Studio Solution File, Format Version 12.00
Project("{2150E333-8FDC-42A3-9474-1A3956D46DE8}") = "src", "src", "{46834DC6-9D1D-4393-A7DA-ECCA14C2D140}"
EndProject
Project("{FAE04EC0-301F-11D3-BF4B-00C04F79EFBC}") = "Domain", "src\Domain\Domain.csproj", "{C885C5AC-3334-4D44-8186-B4B2DD930876}"
EndProject
Project("{FAE04EC0-301F-11D3-BF4B-00C04F79EFBC}") = "Application", "src\Application\Application.csproj", "{166B4289-42E9-4D6D-BAF7-82815AE7A95D}"
	ProjectSection(ProjectDependencies) = postProject
		{C885C5AC-3334-4D44-8186-B4B2DD930876} = {C885C5AC-3334-4D44-8186-B4B2DD930876}
	EndProjectSection
EndProject
Project("{FAE04EC0-301F-11D3-BF4B-00C04F79EFBC}") = "Infrastructure", "src\Infrastructure\Infrastructure.csproj", "{25FF474F-8B3A-432B-8480-1C677479D207}"
	ProjectSection(ProjectDependencies) = postProject
		{166B4289-42E9-4D6D-BAF7-82815AE7A95D} = {166B4289-42E9-4D6D-BAF7-82815AE7A95D}
		{C885C5AC-3334-4D44-8186-B4B2DD930876} = {C885C5AC-3334-4D44-8186-B4B2DD930876}
	EndProjectSection
EndProject
Project("{FAE04EC0-301F-11D3-BF4B-00C04F79EFBC}") = "Adapters", "src\Adapters\Adapters.csproj", "{2A8B05EA-71F4-4CFB-9CCB-9E5B887D7B28}"
	ProjectSection(ProjectDependencies) = postProject
		{25FF474F-8B3A-432B-8480-1C677479D207} = {25FF474F-8B3A-432B-8480-1C677479D207}
		{C885C5AC-3334-4D44-8186-B4B2DD930876} = {C885C5AC-3334-4D44-8186-B4B2DD930876}
		{166B4289-42E9-4D6D-BAF7-82815AE7A95D} = {166B4289-42E9-4D6D-BAF7-82815AE7A95D}
	EndProjectSection
EndProject
Project("{FAE04EC0-301F-11D3-BF4B-00C04F79EFBC}") = "tests", "src\tests\tests.csproj", "{307AB522-EEBF-47D8-8219-DF585FC52A0F}"
EndProject
Global
	GlobalSection(SolutionConfigurationPlatforms) = preSolution
		Debug|Any CPU = Debug|Any CPU
		Release|Any CPU = Release|Any CPU
	EndGlobalSection
	GlobalSection(ProjectConfigurationPlatforms) = postSolution
		{C885C5AC-3334-4D44-8186-B4B2DD930876}.Debug|Any CPU.ActiveCfg = Debug|Any CPU
		{C885C5AC-3334-4D44-8186-B4B2DD930876}.Debug|Any CPU.Build.0 = Debug|Any CPU
		{C885C5AC-3334-4D44-8186-B4B2DD930876}.Release|Any CPU.ActiveCfg = Release|Any CPU
		{C885C5AC-3334-4D44-8186-B4B2DD930876}.Release|Any CPU.Build.0 = Release|Any CPU
		{166B4289-42E9-4D6D-BAF7-82815AE7A95D}.Debug|Any CPU.ActiveCfg = Debug|Any CPU
		{166B4289-42E9-4D6D-BAF7-82815AE7A95D}.Debug|Any CPU.Build.0 = Debug|Any CPU
		{166B4289-42E9-4D6D-BAF7-82815AE7A95D}.Release|Any CPU.ActiveCfg = Release|Any CPU
		{166B4289-42E9-4D6D-BAF7-82815AE7A95D}.Release|Any CPU.Build.0 = Release|Any CPU
		{25FF474F-8B3A-432B-8480-1C677479D207}.Debug|Any CPU.ActiveCfg = Debug|Any CPU
		{25FF474F-8B3A-432B-8480-1C677479D207}.Debug|Any CPU.Build.0 = Debug|Any CPU
		{25FF474F-8B3A-432B-8480-1C677479D207}.Release|Any CPU.ActiveCfg = Release|Any CPU
		{25FF474F-8B3A-432B-8480-1C677479D207}.Release|Any CPU.Build.0 = Release|Any CPU
		{2A8B05EA-71F4-4CFB-9CCB-9E5B887D7B28}.Debug|Any CPU.ActiveCfg = Debug|Any CPU
		{2A8B05EA-71F4-4CFB-9CCB-9E5B887D7B28}.Debug|Any CPU.Build.0 = Debug|Any CPU
		{2A8B05EA-71F4-4CFB-9CCB-9E5B887D7B28}.Release|Any CPU.ActiveCfg = Release|Any CPU
		{2A8B05EA-71F4-4CFB-9CCB-9E5B887D7B28}.Release|Any CPU.Build.0 = Release|Any CPU
		{307AB522-EEBF-47D8-8219-DF585FC52A0F}.Debug|Any CPU.ActiveCfg = Debug|Any CPU
		{307AB522-EEBF-47D8-8219-DF585FC52A0F}.Debug|Any CPU.Build.0 = Debug|Any CPU
		{307AB522-EEBF-47D8-8219-DF585FC52A0F}.Release|Any CPU.ActiveCfg = Release|Any CPU
		{307AB522-EEBF-47D8-8219-DF585FC52A0F}.Release|Any CPU.Build.0 = Release|Any CPU
	EndGlobalSection
	GlobalSection(NestedProjects) = preSolution
		{C885C5AC-3334-4D44-8186-B4B2DD930876} = {46834DC6-9D1D-4393-A7DA-ECCA14C2D140}
		{166B4289-42E9-4D6D-BAF7-82815AE7A95D} = {46834DC6-9D1D-4393-A7DA-ECCA14C2D140}
		{25FF474F-8B3A-432B-8480-1C677479D207} = {46834DC6-9D1D-4393-A7DA-ECCA14C2D140}
		{2A8B05EA-71F4-4CFB-9CCB-9E5B887D7B28} = {46834DC6-9D1D-4393-A7DA-ECCA14C2D140}
		{307AB522-EEBF-47D8-8219-DF585FC52A0F} = {46834DC6-9D1D-4393-A7DA-ECCA14C2D140}
	EndGlobalSection
EndGlobal
